PODS:
  - Flutter (1.0.0)
  - is_tv (0.0.1):
    - Flutter

DEPENDENCIES:
  - Flutter (from `Flutter`)
  - is_tv (from `.symlinks/plugins/is_tv/ios`)

EXTERNAL SOURCES:
  Flutter:
    :path: Flutter
  is_tv:
    :path: ".symlinks/plugins/is_tv/ios"

SPEC CHECKSUMS:
  Flutter: cabc95a1d2626b1b06e7179b784ebcf0c0cde467
  is_tv: aac7856a1a734a141bcf9fae10dd3563dba300a3

PODFILE CHECKSUM: 0dbd5a87e0ace00c9610d2037ac22083a01f861d

COCOAPODS: 1.16.2
